
Microsoft Visual Studio Solution File, Format Version 12.00
# Visual Studio 2012
Project("{2150E333-8FDC-42A3-9474-1A3956D46DE8}") = "Library", "Library", "{4DABD333-E70F-4B79-A428-86C74345AB14}"
EndProject
Project("{2150E333-8FDC-42A3-9474-1A3956D46DE8}") = "Client", "Client", "{3759A986-FE7F-4705-B4EC-0C8251DA14E1}"
EndProject
Project("{2150E333-8FDC-42A3-9474-1A3956D46DE8}") = "Web", "Web", "{168F9F6D-F09F-4D98-89D6-1347E7EFE15F}"
EndProject
Project("{FAE04EC0-301F-11D3-BF4B-00C04F79EFBC}") = "sys1", "sys1\sys1.csproj", "{F8ECD77C-0D70-4832-9BF2-F94EE3137E40}"
EndProject
Project("{FAE04EC0-301F-11D3-BF4B-00C04F79EFBC}") = "sys2", "sys2\sys2.csproj", "{354D7147-356B-4453-B86A-B113A47271A2}"
EndProject
Project("{FAE04EC0-301F-11D3-BF4B-00C04F79EFBC}") = "sys3", "sys3\sys3.csproj", "{59209FCC-CFF7-4056-A256-CB71293225B1}"
EndProject
Project("{FAE04EC0-301F-11D3-BF4B-00C04F79EFBC}") = "sys4", "sys4\sys4.csproj", "{FDABDFA6-E751-452C-9658-5963162784B0}"
EndProject
Project("{FAE04EC0-301F-11D3-BF4B-00C04F79EFBC}") = "sys5", "sys5\sys5.csproj", "{02BE8DB6-57BF-4585-B96A-ACEE3BBE0454}"
EndProject
Project("{FAE04EC0-301F-11D3-BF4B-00C04F79EFBC}") = "sys6", "sys6\sys6.csproj", "{831751D1-28D6-43F8-8D17-4DF765D6885C}"
EndProject
Project("{FAE04EC0-301F-11D3-BF4B-00C04F79EFBC}") = "LibAbout", "Library\LibAbout\LibAbout.csproj", "{9EC74138-A934-432D-A3B6-42EC84052FF8}"
EndProject
Project("{FAE04EC0-301F-11D3-BF4B-00C04F79EFBC}") = "LibBusiness", "Library\LibBusiness\LibBusiness.csproj", "{4586C1E2-10A4-47AF-8867-B1B32B0CDEE5}"
EndProject
Project("{FAE04EC0-301F-11D3-BF4B-00C04F79EFBC}") = "LibCommon", "Library\LibCommon\LibCommon.csproj", "{2EBCDE4B-A244-4CCA-A1AE-1A884D81772B}"
EndProject
Project("{FAE04EC0-301F-11D3-BF4B-00C04F79EFBC}") = "LibCommonControl", "Library\LibCommonControl\LibCommonControl.csproj", "{C98CB9D1-8567-4539-B30F-79BF7654727E}"
EndProject
Project("{FAE04EC0-301F-11D3-BF4B-00C04F79EFBC}") = "LibCommonForm", "Library\LibCommonForm\LibCommonForm.csproj", "{E0DB63E3-2420-4B72-99F8-776F8ED1D3EF}"
EndProject
Project("{FAE04EC0-301F-11D3-BF4B-00C04F79EFBC}") = "LibConfig", "Library\LibConfig\LibConfig.csproj", "{697EED3C-3244-494D-B663-296CC80D4022}"
EndProject
Project("{FAE04EC0-301F-11D3-BF4B-00C04F79EFBC}") = "LibDatabase", "Library\LibDatabase\LibDatabase.csproj", "{38B3BE6B-BD0C-4108-9414-A728F5990A0C}"
EndProject
Project("{FAE04EC0-301F-11D3-BF4B-00C04F79EFBC}") = "LibEncryptDecrypt", "Library\LibEncryptDecrypt\LibEncryptDecrypt.csproj", "{123585D4-B4A2-4694-81E8-DF9CDCCC487F}"
EndProject
Project("{FAE04EC0-301F-11D3-BF4B-00C04F79EFBC}") = "LibEntity", "Library\LibEntity\LibEntity.csproj", "{28C303D9-18CB-42B3-B0FA-B9B126503176}"
EndProject
Project("{FAE04EC0-301F-11D3-BF4B-00C04F79EFBC}") = "LibGeometry", "Library\LibGeometry\LibGeometry.csproj", "{A55911AA-AC2B-4C4F-AA2A-CE839BD9AFBA}"
EndProject
Project("{FAE04EC0-301F-11D3-BF4B-00C04F79EFBC}") = "LibLoginForm", "Library\LibLoginForm\LibLoginForm.csproj", "{ED482A03-E8D9-4A16-856F-BE8F56B454C0}"
EndProject
Project("{FAE04EC0-301F-11D3-BF4B-00C04F79EFBC}") = "LibPanels", "Library\LibPanels\LibPanels.csproj", "{FC8D5CE1-F721-401B-BAC2-C265D6FCC13D}"
EndProject
Project("{FAE04EC0-301F-11D3-BF4B-00C04F79EFBC}") = "LibSocket", "Library\LibSocket\LibSocket.csproj", "{93547539-03E2-49C3-88FC-3CCD81942D5F}"
EndProject
Project("{FAE04EC0-301F-11D3-BF4B-00C04F79EFBC}") = "LibXPorperty", "Library\LibXPorperty\LibXPorperty.csproj", "{1238B891-86AD-4851-97A2-0C0302E24BD8}"
EndProject
Project("{FAE04EC0-301F-11D3-BF4B-00C04F79EFBC}") = "MyHttpClient", "Library\LibHttpClient\MyHttpClient.csproj", "{9E2955F4-17E0-433B-B966-616E671378A4}"
EndProject
Project("{FAE04EC0-301F-11D3-BF4B-00C04F79EFBC}") = "TeeChartWrapper", "Library\TeeChartWrapper\TeeChartWrapper.csproj", "{B074F430-12B3-4751-96AE-3949FE73EBB5}"
EndProject
Project("{FAE04EC0-301F-11D3-BF4B-00C04F79EFBC}") = "GIS", "Library\GIS\GIS.csproj", "{7FF2375E-9594-4EE8-A3CD-40CF245E47FA}"
EndProject
Global
	GlobalSection(SolutionConfigurationPlatforms) = preSolution
		Debug|Any CPU = Debug|Any CPU
		Debug|Mixed Platforms = Debug|Mixed Platforms
		Debug|x64 = Debug|x64
		Debug|x86 = Debug|x86
		Release|Any CPU = Release|Any CPU
		Release|Mixed Platforms = Release|Mixed Platforms
		Release|x64 = Release|x64
		Release|x86 = Release|x86
	EndGlobalSection
	GlobalSection(ProjectConfigurationPlatforms) = postSolution
		{F8ECD77C-0D70-4832-9BF2-F94EE3137E40}.Debug|Any CPU.ActiveCfg = Debug|x86
		{F8ECD77C-0D70-4832-9BF2-F94EE3137E40}.Debug|Any CPU.Build.0 = Debug|x86
		{F8ECD77C-0D70-4832-9BF2-F94EE3137E40}.Debug|Mixed Platforms.ActiveCfg = Debug|x86
		{F8ECD77C-0D70-4832-9BF2-F94EE3137E40}.Debug|Mixed Platforms.Build.0 = Debug|x86
		{F8ECD77C-0D70-4832-9BF2-F94EE3137E40}.Debug|x64.ActiveCfg = Debug|x64
		{F8ECD77C-0D70-4832-9BF2-F94EE3137E40}.Debug|x64.Build.0 = Debug|x64
		{F8ECD77C-0D70-4832-9BF2-F94EE3137E40}.Debug|x86.ActiveCfg = Debug|x86
		{F8ECD77C-0D70-4832-9BF2-F94EE3137E40}.Debug|x86.Build.0 = Debug|x86
		{F8ECD77C-0D70-4832-9BF2-F94EE3137E40}.Release|Any CPU.ActiveCfg = Release|x86
		{F8ECD77C-0D70-4832-9BF2-F94EE3137E40}.Release|Mixed Platforms.ActiveCfg = Release|x86
		{F8ECD77C-0D70-4832-9BF2-F94EE3137E40}.Release|Mixed Platforms.Build.0 = Release|x86
		{F8ECD77C-0D70-4832-9BF2-F94EE3137E40}.Release|x64.ActiveCfg = Release|x64
		{F8ECD77C-0D70-4832-9BF2-F94EE3137E40}.Release|x64.Build.0 = Release|x64
		{F8ECD77C-0D70-4832-9BF2-F94EE3137E40}.Release|x86.ActiveCfg = Release|x86
		{F8ECD77C-0D70-4832-9BF2-F94EE3137E40}.Release|x86.Build.0 = Release|x86
		{354D7147-356B-4453-B86A-B113A47271A2}.Debug|Any CPU.ActiveCfg = Debug|x86
		{354D7147-356B-4453-B86A-B113A47271A2}.Debug|Any CPU.Build.0 = Debug|x86
		{354D7147-356B-4453-B86A-B113A47271A2}.Debug|Mixed Platforms.ActiveCfg = Debug|x86
		{354D7147-356B-4453-B86A-B113A47271A2}.Debug|Mixed Platforms.Build.0 = Debug|x86
		{354D7147-356B-4453-B86A-B113A47271A2}.Debug|x64.ActiveCfg = Debug|x64
		{354D7147-356B-4453-B86A-B113A47271A2}.Debug|x64.Build.0 = Debug|x64
		{354D7147-356B-4453-B86A-B113A47271A2}.Debug|x86.ActiveCfg = Debug|x86
		{354D7147-356B-4453-B86A-B113A47271A2}.Debug|x86.Build.0 = Debug|x86
		{354D7147-356B-4453-B86A-B113A47271A2}.Release|Any CPU.ActiveCfg = Release|x86
		{354D7147-356B-4453-B86A-B113A47271A2}.Release|Mixed Platforms.ActiveCfg = Release|x86
		{354D7147-356B-4453-B86A-B113A47271A2}.Release|Mixed Platforms.Build.0 = Release|x86
		{354D7147-356B-4453-B86A-B113A47271A2}.Release|x64.ActiveCfg = Release|x64
		{354D7147-356B-4453-B86A-B113A47271A2}.Release|x64.Build.0 = Release|x64
		{354D7147-356B-4453-B86A-B113A47271A2}.Release|x86.ActiveCfg = Release|x86
		{354D7147-356B-4453-B86A-B113A47271A2}.Release|x86.Build.0 = Release|x86
		{59209FCC-CFF7-4056-A256-CB71293225B1}.Debug|Any CPU.ActiveCfg = Debug|x86
		{59209FCC-CFF7-4056-A256-CB71293225B1}.Debug|Any CPU.Build.0 = Debug|x86
		{59209FCC-CFF7-4056-A256-CB71293225B1}.Debug|Mixed Platforms.ActiveCfg = Debug|x86
		{59209FCC-CFF7-4056-A256-CB71293225B1}.Debug|Mixed Platforms.Build.0 = Debug|x86
		{59209FCC-CFF7-4056-A256-CB71293225B1}.Debug|x64.ActiveCfg = Debug|x64
		{59209FCC-CFF7-4056-A256-CB71293225B1}.Debug|x64.Build.0 = Debug|x64
		{59209FCC-CFF7-4056-A256-CB71293225B1}.Debug|x86.ActiveCfg = Debug|x86
		{59209FCC-CFF7-4056-A256-CB71293225B1}.Debug|x86.Build.0 = Debug|x86
		{59209FCC-CFF7-4056-A256-CB71293225B1}.Release|Any CPU.ActiveCfg = Release|x86
		{59209FCC-CFF7-4056-A256-CB71293225B1}.Release|Mixed Platforms.ActiveCfg = Release|x86
		{59209FCC-CFF7-4056-A256-CB71293225B1}.Release|Mixed Platforms.Build.0 = Release|x86
		{59209FCC-CFF7-4056-A256-CB71293225B1}.Release|x64.ActiveCfg = Release|x64
		{59209FCC-CFF7-4056-A256-CB71293225B1}.Release|x64.Build.0 = Release|x64
		{59209FCC-CFF7-4056-A256-CB71293225B1}.Release|x86.ActiveCfg = Release|x86
		{59209FCC-CFF7-4056-A256-CB71293225B1}.Release|x86.Build.0 = Release|x86
		{FDABDFA6-E751-452C-9658-5963162784B0}.Debug|Any CPU.ActiveCfg = Debug|x86
		{FDABDFA6-E751-452C-9658-5963162784B0}.Debug|Any CPU.Build.0 = Debug|x86
		{FDABDFA6-E751-452C-9658-5963162784B0}.Debug|Mixed Platforms.ActiveCfg = Debug|x86
		{FDABDFA6-E751-452C-9658-5963162784B0}.Debug|Mixed Platforms.Build.0 = Debug|x86
		{FDABDFA6-E751-452C-9658-5963162784B0}.Debug|x64.ActiveCfg = Debug|x64
		{FDABDFA6-E751-452C-9658-5963162784B0}.Debug|x64.Build.0 = Debug|x64
		{FDABDFA6-E751-452C-9658-5963162784B0}.Debug|x86.ActiveCfg = Debug|x86
		{FDABDFA6-E751-452C-9658-5963162784B0}.Debug|x86.Build.0 = Debug|x86
		{FDABDFA6-E751-452C-9658-5963162784B0}.Release|Any CPU.ActiveCfg = Release|x86
		{FDABDFA6-E751-452C-9658-5963162784B0}.Release|Mixed Platforms.ActiveCfg = Release|x86
		{FDABDFA6-E751-452C-9658-5963162784B0}.Release|Mixed Platforms.Build.0 = Release|x86
		{FDABDFA6-E751-452C-9658-5963162784B0}.Release|x64.ActiveCfg = Release|x64
		{FDABDFA6-E751-452C-9658-5963162784B0}.Release|x64.Build.0 = Release|x64
		{FDABDFA6-E751-452C-9658-5963162784B0}.Release|x86.ActiveCfg = Release|x86
		{FDABDFA6-E751-452C-9658-5963162784B0}.Release|x86.Build.0 = Release|x86
		{02BE8DB6-57BF-4585-B96A-ACEE3BBE0454}.Debug|Any CPU.ActiveCfg = Debug|x86
		{02BE8DB6-57BF-4585-B96A-ACEE3BBE0454}.Debug|Any CPU.Build.0 = Debug|x86
		{02BE8DB6-57BF-4585-B96A-ACEE3BBE0454}.Debug|Mixed Platforms.ActiveCfg = Debug|x86
		{02BE8DB6-57BF-4585-B96A-ACEE3BBE0454}.Debug|Mixed Platforms.Build.0 = Debug|x86
		{02BE8DB6-57BF-4585-B96A-ACEE3BBE0454}.Debug|x64.ActiveCfg = Debug|x64
		{02BE8DB6-57BF-4585-B96A-ACEE3BBE0454}.Debug|x64.Build.0 = Debug|x64
		{02BE8DB6-57BF-4585-B96A-ACEE3BBE0454}.Debug|x86.ActiveCfg = Debug|x86
		{02BE8DB6-57BF-4585-B96A-ACEE3BBE0454}.Debug|x86.Build.0 = Debug|x86
		{02BE8DB6-57BF-4585-B96A-ACEE3BBE0454}.Release|Any CPU.ActiveCfg = Release|x86
		{02BE8DB6-57BF-4585-B96A-ACEE3BBE0454}.Release|Mixed Platforms.ActiveCfg = Release|x86
		{02BE8DB6-57BF-4585-B96A-ACEE3BBE0454}.Release|Mixed Platforms.Build.0 = Release|x86
		{02BE8DB6-57BF-4585-B96A-ACEE3BBE0454}.Release|x64.ActiveCfg = Release|x64
		{02BE8DB6-57BF-4585-B96A-ACEE3BBE0454}.Release|x64.Build.0 = Release|x64
		{02BE8DB6-57BF-4585-B96A-ACEE3BBE0454}.Release|x86.ActiveCfg = Release|x86
		{02BE8DB6-57BF-4585-B96A-ACEE3BBE0454}.Release|x86.Build.0 = Release|x86
		{831751D1-28D6-43F8-8D17-4DF765D6885C}.Debug|Any CPU.ActiveCfg = Debug|x86
		{831751D1-28D6-43F8-8D17-4DF765D6885C}.Debug|Any CPU.Build.0 = Debug|x86
		{831751D1-28D6-43F8-8D17-4DF765D6885C}.Debug|Mixed Platforms.ActiveCfg = Debug|x86
		{831751D1-28D6-43F8-8D17-4DF765D6885C}.Debug|Mixed Platforms.Build.0 = Debug|x86
		{831751D1-28D6-43F8-8D17-4DF765D6885C}.Debug|x64.ActiveCfg = Debug|x64
		{831751D1-28D6-43F8-8D17-4DF765D6885C}.Debug|x64.Build.0 = Debug|x64
		{831751D1-28D6-43F8-8D17-4DF765D6885C}.Debug|x86.ActiveCfg = Debug|x86
		{831751D1-28D6-43F8-8D17-4DF765D6885C}.Debug|x86.Build.0 = Debug|x86
		{831751D1-28D6-43F8-8D17-4DF765D6885C}.Release|Any CPU.ActiveCfg = Release|x86
		{831751D1-28D6-43F8-8D17-4DF765D6885C}.Release|Mixed Platforms.ActiveCfg = Release|x86
		{831751D1-28D6-43F8-8D17-4DF765D6885C}.Release|Mixed Platforms.Build.0 = Release|x86
		{831751D1-28D6-43F8-8D17-4DF765D6885C}.Release|x64.ActiveCfg = Release|x64
		{831751D1-28D6-43F8-8D17-4DF765D6885C}.Release|x64.Build.0 = Release|x64
		{831751D1-28D6-43F8-8D17-4DF765D6885C}.Release|x86.ActiveCfg = Release|x86
		{831751D1-28D6-43F8-8D17-4DF765D6885C}.Release|x86.Build.0 = Release|x86
		{9EC74138-A934-432D-A3B6-42EC84052FF8}.Debug|Any CPU.ActiveCfg = Debug|x86
		{9EC74138-A934-432D-A3B6-42EC84052FF8}.Debug|Any CPU.Build.0 = Debug|x86
		{9EC74138-A934-432D-A3B6-42EC84052FF8}.Debug|Mixed Platforms.ActiveCfg = Debug|x86
		{9EC74138-A934-432D-A3B6-42EC84052FF8}.Debug|Mixed Platforms.Build.0 = Debug|x86
		{9EC74138-A934-432D-A3B6-42EC84052FF8}.Debug|x64.ActiveCfg = Debug|Any CPU
		{9EC74138-A934-432D-A3B6-42EC84052FF8}.Debug|x86.ActiveCfg = Debug|x86
		{9EC74138-A934-432D-A3B6-42EC84052FF8}.Debug|x86.Build.0 = Debug|x86
		{9EC74138-A934-432D-A3B6-42EC84052FF8}.Release|Any CPU.ActiveCfg = Release|Any CPU
		{9EC74138-A934-432D-A3B6-42EC84052FF8}.Release|Any CPU.Build.0 = Release|Any CPU
		{9EC74138-A934-432D-A3B6-42EC84052FF8}.Release|Mixed Platforms.ActiveCfg = Release|x86
		{9EC74138-A934-432D-A3B6-42EC84052FF8}.Release|Mixed Platforms.Build.0 = Release|x86
		{9EC74138-A934-432D-A3B6-42EC84052FF8}.Release|x64.ActiveCfg = Release|Any CPU
		{9EC74138-A934-432D-A3B6-42EC84052FF8}.Release|x86.ActiveCfg = Release|x86
		{9EC74138-A934-432D-A3B6-42EC84052FF8}.Release|x86.Build.0 = Release|x86
		{4586C1E2-10A4-47AF-8867-B1B32B0CDEE5}.Debug|Any CPU.ActiveCfg = Debug|x86
		{4586C1E2-10A4-47AF-8867-B1B32B0CDEE5}.Debug|Any CPU.Build.0 = Debug|x86
		{4586C1E2-10A4-47AF-8867-B1B32B0CDEE5}.Debug|Mixed Platforms.ActiveCfg = Debug|x86
		{4586C1E2-10A4-47AF-8867-B1B32B0CDEE5}.Debug|Mixed Platforms.Build.0 = Debug|x86
		{4586C1E2-10A4-47AF-8867-B1B32B0CDEE5}.Debug|x64.ActiveCfg = Debug|x64
		{4586C1E2-10A4-47AF-8867-B1B32B0CDEE5}.Debug|x64.Build.0 = Debug|x64
		{4586C1E2-10A4-47AF-8867-B1B32B0CDEE5}.Debug|x86.ActiveCfg = Debug|x86
		{4586C1E2-10A4-47AF-8867-B1B32B0CDEE5}.Debug|x86.Build.0 = Debug|x86
		{4586C1E2-10A4-47AF-8867-B1B32B0CDEE5}.Release|Any CPU.ActiveCfg = Release|Any CPU
		{4586C1E2-10A4-47AF-8867-B1B32B0CDEE5}.Release|Any CPU.Build.0 = Release|Any CPU
		{4586C1E2-10A4-47AF-8867-B1B32B0CDEE5}.Release|Mixed Platforms.ActiveCfg = Release|x86
		{4586C1E2-10A4-47AF-8867-B1B32B0CDEE5}.Release|Mixed Platforms.Build.0 = Release|x86
		{4586C1E2-10A4-47AF-8867-B1B32B0CDEE5}.Release|x64.ActiveCfg = Release|x64
		{4586C1E2-10A4-47AF-8867-B1B32B0CDEE5}.Release|x64.Build.0 = Release|x64
		{4586C1E2-10A4-47AF-8867-B1B32B0CDEE5}.Release|x86.ActiveCfg = Release|x86
		{4586C1E2-10A4-47AF-8867-B1B32B0CDEE5}.Release|x86.Build.0 = Release|x86
		{2EBCDE4B-A244-4CCA-A1AE-1A884D81772B}.Debug|Any CPU.ActiveCfg = Debug|x86
		{2EBCDE4B-A244-4CCA-A1AE-1A884D81772B}.Debug|Any CPU.Build.0 = Debug|x86
		{2EBCDE4B-A244-4CCA-A1AE-1A884D81772B}.Debug|Mixed Platforms.ActiveCfg = Debug|x86
		{2EBCDE4B-A244-4CCA-A1AE-1A884D81772B}.Debug|Mixed Platforms.Build.0 = Debug|x86
		{2EBCDE4B-A244-4CCA-A1AE-1A884D81772B}.Debug|x64.ActiveCfg = Debug|x64
		{2EBCDE4B-A244-4CCA-A1AE-1A884D81772B}.Debug|x64.Build.0 = Debug|x64
		{2EBCDE4B-A244-4CCA-A1AE-1A884D81772B}.Debug|x86.ActiveCfg = Debug|x86
		{2EBCDE4B-A244-4CCA-A1AE-1A884D81772B}.Debug|x86.Build.0 = Debug|x86
		{2EBCDE4B-A244-4CCA-A1AE-1A884D81772B}.Release|Any CPU.ActiveCfg = Release|x86
		{2EBCDE4B-A244-4CCA-A1AE-1A884D81772B}.Release|Mixed Platforms.ActiveCfg = Release|x86
		{2EBCDE4B-A244-4CCA-A1AE-1A884D81772B}.Release|Mixed Platforms.Build.0 = Release|x86
		{2EBCDE4B-A244-4CCA-A1AE-1A884D81772B}.Release|x64.ActiveCfg = Release|x64
		{2EBCDE4B-A244-4CCA-A1AE-1A884D81772B}.Release|x64.Build.0 = Release|x64
		{2EBCDE4B-A244-4CCA-A1AE-1A884D81772B}.Release|x86.ActiveCfg = Release|x86
		{2EBCDE4B-A244-4CCA-A1AE-1A884D81772B}.Release|x86.Build.0 = Release|x86
		{C98CB9D1-8567-4539-B30F-79BF7654727E}.Debug|Any CPU.ActiveCfg = Debug|x86
		{C98CB9D1-8567-4539-B30F-79BF7654727E}.Debug|Any CPU.Build.0 = Debug|x86
		{C98CB9D1-8567-4539-B30F-79BF7654727E}.Debug|Mixed Platforms.ActiveCfg = Debug|x86
		{C98CB9D1-8567-4539-B30F-79BF7654727E}.Debug|Mixed Platforms.Build.0 = Debug|x86
		{C98CB9D1-8567-4539-B30F-79BF7654727E}.Debug|x64.ActiveCfg = Debug|x64
		{C98CB9D1-8567-4539-B30F-79BF7654727E}.Debug|x64.Build.0 = Debug|x64
		{C98CB9D1-8567-4539-B30F-79BF7654727E}.Debug|x86.ActiveCfg = Debug|x86
		{C98CB9D1-8567-4539-B30F-79BF7654727E}.Debug|x86.Build.0 = Debug|x86
		{C98CB9D1-8567-4539-B30F-79BF7654727E}.Release|Any CPU.ActiveCfg = Release|Any CPU
		{C98CB9D1-8567-4539-B30F-79BF7654727E}.Release|Any CPU.Build.0 = Release|Any CPU
		{C98CB9D1-8567-4539-B30F-79BF7654727E}.Release|Mixed Platforms.ActiveCfg = Release|x86
		{C98CB9D1-8567-4539-B30F-79BF7654727E}.Release|Mixed Platforms.Build.0 = Release|x86
		{C98CB9D1-8567-4539-B30F-79BF7654727E}.Release|x64.ActiveCfg = Release|x64
		{C98CB9D1-8567-4539-B30F-79BF7654727E}.Release|x64.Build.0 = Release|x64
		{C98CB9D1-8567-4539-B30F-79BF7654727E}.Release|x86.ActiveCfg = Release|x86
		{C98CB9D1-8567-4539-B30F-79BF7654727E}.Release|x86.Build.0 = Release|x86
		{E0DB63E3-2420-4B72-99F8-776F8ED1D3EF}.Debug|Any CPU.ActiveCfg = Debug|x86
		{E0DB63E3-2420-4B72-99F8-776F8ED1D3EF}.Debug|Any CPU.Build.0 = Debug|x86
		{E0DB63E3-2420-4B72-99F8-776F8ED1D3EF}.Debug|Mixed Platforms.ActiveCfg = Debug|x86
		{E0DB63E3-2420-4B72-99F8-776F8ED1D3EF}.Debug|Mixed Platforms.Build.0 = Debug|x86
		{E0DB63E3-2420-4B72-99F8-776F8ED1D3EF}.Debug|x64.ActiveCfg = Debug|x64
		{E0DB63E3-2420-4B72-99F8-776F8ED1D3EF}.Debug|x64.Build.0 = Debug|x64
		{E0DB63E3-2420-4B72-99F8-776F8ED1D3EF}.Debug|x86.ActiveCfg = Debug|x86
		{E0DB63E3-2420-4B72-99F8-776F8ED1D3EF}.Debug|x86.Build.0 = Debug|x86
		{E0DB63E3-2420-4B72-99F8-776F8ED1D3EF}.Release|Any CPU.ActiveCfg = Release|x86
		{E0DB63E3-2420-4B72-99F8-776F8ED1D3EF}.Release|Mixed Platforms.ActiveCfg = Release|x86
		{E0DB63E3-2420-4B72-99F8-776F8ED1D3EF}.Release|Mixed Platforms.Build.0 = Release|x86
		{E0DB63E3-2420-4B72-99F8-776F8ED1D3EF}.Release|x64.ActiveCfg = Release|x64
		{E0DB63E3-2420-4B72-99F8-776F8ED1D3EF}.Release|x64.Build.0 = Release|x64
		{E0DB63E3-2420-4B72-99F8-776F8ED1D3EF}.Release|x86.ActiveCfg = Release|x86
		{E0DB63E3-2420-4B72-99F8-776F8ED1D3EF}.Release|x86.Build.0 = Release|x86
		{697EED3C-3244-494D-B663-296CC80D4022}.Debug|Any CPU.ActiveCfg = Debug|Any CPU
		{697EED3C-3244-494D-B663-296CC80D4022}.Debug|Any CPU.Build.0 = Debug|Any CPU
		{697EED3C-3244-494D-B663-296CC80D4022}.Debug|Mixed Platforms.ActiveCfg = Debug|Any CPU
		{697EED3C-3244-494D-B663-296CC80D4022}.Debug|Mixed Platforms.Build.0 = Debug|Any CPU
		{697EED3C-3244-494D-B663-296CC80D4022}.Debug|x64.ActiveCfg = Debug|Any CPU
		{697EED3C-3244-494D-B663-296CC80D4022}.Debug|x86.ActiveCfg = Debug|Any CPU
		{697EED3C-3244-494D-B663-296CC80D4022}.Release|Any CPU.ActiveCfg = Release|Any CPU
		{697EED3C-3244-494D-B663-296CC80D4022}.Release|Any CPU.Build.0 = Release|Any CPU
		{697EED3C-3244-494D-B663-296CC80D4022}.Release|Mixed Platforms.ActiveCfg = Release|Any CPU
		{697EED3C-3244-494D-B663-296CC80D4022}.Release|Mixed Platforms.Build.0 = Release|Any CPU
		{697EED3C-3244-494D-B663-296CC80D4022}.Release|x64.ActiveCfg = Release|Any CPU
		{697EED3C-3244-494D-B663-296CC80D4022}.Release|x86.ActiveCfg = Release|Any CPU
		{38B3BE6B-BD0C-4108-9414-A728F5990A0C}.Debug|Any CPU.ActiveCfg = Debug|x86
		{38B3BE6B-BD0C-4108-9414-A728F5990A0C}.Debug|Any CPU.Build.0 = Debug|x86
		{38B3BE6B-BD0C-4108-9414-A728F5990A0C}.Debug|Mixed Platforms.ActiveCfg = Debug|x86
		{38B3BE6B-BD0C-4108-9414-A728F5990A0C}.Debug|Mixed Platforms.Build.0 = Debug|x86
		{38B3BE6B-BD0C-4108-9414-A728F5990A0C}.Debug|x64.ActiveCfg = Debug|x64
		{38B3BE6B-BD0C-4108-9414-A728F5990A0C}.Debug|x64.Build.0 = Debug|x64
		{38B3BE6B-BD0C-4108-9414-A728F5990A0C}.Debug|x86.ActiveCfg = Debug|x86
		{38B3BE6B-BD0C-4108-9414-A728F5990A0C}.Debug|x86.Build.0 = Debug|x86
		{38B3BE6B-BD0C-4108-9414-A728F5990A0C}.Release|Any CPU.ActiveCfg = Release|Any CPU
		{38B3BE6B-BD0C-4108-9414-A728F5990A0C}.Release|Any CPU.Build.0 = Release|Any CPU
		{38B3BE6B-BD0C-4108-9414-A728F5990A0C}.Release|Mixed Platforms.ActiveCfg = Release|x86
		{38B3BE6B-BD0C-4108-9414-A728F5990A0C}.Release|Mixed Platforms.Build.0 = Release|x86
		{38B3BE6B-BD0C-4108-9414-A728F5990A0C}.Release|x64.ActiveCfg = Release|x64
		{38B3BE6B-BD0C-4108-9414-A728F5990A0C}.Release|x64.Build.0 = Release|x64
		{38B3BE6B-BD0C-4108-9414-A728F5990A0C}.Release|x86.ActiveCfg = Release|x86
		{38B3BE6B-BD0C-4108-9414-A728F5990A0C}.Release|x86.Build.0 = Release|x86
		{123585D4-B4A2-4694-81E8-DF9CDCCC487F}.Debug|Any CPU.ActiveCfg = Debug|x86
		{123585D4-B4A2-4694-81E8-DF9CDCCC487F}.Debug|Any CPU.Build.0 = Debug|x86
		{123585D4-B4A2-4694-81E8-DF9CDCCC487F}.Debug|Mixed Platforms.ActiveCfg = Debug|x86
		{123585D4-B4A2-4694-81E8-DF9CDCCC487F}.Debug|Mixed Platforms.Build.0 = Debug|x86
		{123585D4-B4A2-4694-81E8-DF9CDCCC487F}.Debug|x64.ActiveCfg = Debug|x64
		{123585D4-B4A2-4694-81E8-DF9CDCCC487F}.Debug|x64.Build.0 = Debug|x64
		{123585D4-B4A2-4694-81E8-DF9CDCCC487F}.Debug|x86.ActiveCfg = Debug|x86
		{123585D4-B4A2-4694-81E8-DF9CDCCC487F}.Debug|x86.Build.0 = Debug|x86
		{123585D4-B4A2-4694-81E8-DF9CDCCC487F}.Release|Any CPU.ActiveCfg = Release|x86
		{123585D4-B4A2-4694-81E8-DF9CDCCC487F}.Release|Mixed Platforms.ActiveCfg = Release|x86
		{123585D4-B4A2-4694-81E8-DF9CDCCC487F}.Release|Mixed Platforms.Build.0 = Release|x86
		{123585D4-B4A2-4694-81E8-DF9CDCCC487F}.Release|x64.ActiveCfg = Release|x64
		{123585D4-B4A2-4694-81E8-DF9CDCCC487F}.Release|x64.Build.0 = Release|x64
		{123585D4-B4A2-4694-81E8-DF9CDCCC487F}.Release|x86.ActiveCfg = Release|x86
		{123585D4-B4A2-4694-81E8-DF9CDCCC487F}.Release|x86.Build.0 = Release|x86
		{28C303D9-18CB-42B3-B0FA-B9B126503176}.Debug|Any CPU.ActiveCfg = Debug|x86
		{28C303D9-18CB-42B3-B0FA-B9B126503176}.Debug|Any CPU.Build.0 = Debug|x86
		{28C303D9-18CB-42B3-B0FA-B9B126503176}.Debug|Mixed Platforms.ActiveCfg = Debug|x86
		{28C303D9-18CB-42B3-B0FA-B9B126503176}.Debug|Mixed Platforms.Build.0 = Debug|x86
		{28C303D9-18CB-42B3-B0FA-B9B126503176}.Debug|x64.ActiveCfg = Debug|x64
		{28C303D9-18CB-42B3-B0FA-B9B126503176}.Debug|x64.Build.0 = Debug|x64
		{28C303D9-18CB-42B3-B0FA-B9B126503176}.Debug|x86.ActiveCfg = Debug|x86
		{28C303D9-18CB-42B3-B0FA-B9B126503176}.Debug|x86.Build.0 = Debug|x86
		{28C303D9-18CB-42B3-B0FA-B9B126503176}.Release|Any CPU.ActiveCfg = Release|Any CPU
		{28C303D9-18CB-42B3-B0FA-B9B126503176}.Release|Any CPU.Build.0 = Release|Any CPU
		{28C303D9-18CB-42B3-B0FA-B9B126503176}.Release|Mixed Platforms.ActiveCfg = Release|x86
		{28C303D9-18CB-42B3-B0FA-B9B126503176}.Release|Mixed Platforms.Build.0 = Release|x86
		{28C303D9-18CB-42B3-B0FA-B9B126503176}.Release|x64.ActiveCfg = Release|x64
		{28C303D9-18CB-42B3-B0FA-B9B126503176}.Release|x64.Build.0 = Release|x64
		{28C303D9-18CB-42B3-B0FA-B9B126503176}.Release|x86.ActiveCfg = Release|x86
		{28C303D9-18CB-42B3-B0FA-B9B126503176}.Release|x86.Build.0 = Release|x86
		{A55911AA-AC2B-4C4F-AA2A-CE839BD9AFBA}.Debug|Any CPU.ActiveCfg = Debug|x86
		{A55911AA-AC2B-4C4F-AA2A-CE839BD9AFBA}.Debug|Any CPU.Build.0 = Debug|x86
		{A55911AA-AC2B-4C4F-AA2A-CE839BD9AFBA}.Debug|Mixed Platforms.ActiveCfg = Debug|x86
		{A55911AA-AC2B-4C4F-AA2A-CE839BD9AFBA}.Debug|Mixed Platforms.Build.0 = Debug|x86
		{A55911AA-AC2B-4C4F-AA2A-CE839BD9AFBA}.Debug|x64.ActiveCfg = Debug|x64
		{A55911AA-AC2B-4C4F-AA2A-CE839BD9AFBA}.Debug|x64.Build.0 = Debug|x64
		{A55911AA-AC2B-4C4F-AA2A-CE839BD9AFBA}.Debug|x86.ActiveCfg = Debug|x86
		{A55911AA-AC2B-4C4F-AA2A-CE839BD9AFBA}.Debug|x86.Build.0 = Debug|x86
		{A55911AA-AC2B-4C4F-AA2A-CE839BD9AFBA}.Release|Any CPU.ActiveCfg = Release|Any CPU
		{A55911AA-AC2B-4C4F-AA2A-CE839BD9AFBA}.Release|Any CPU.Build.0 = Release|Any CPU
		{A55911AA-AC2B-4C4F-AA2A-CE839BD9AFBA}.Release|Mixed Platforms.ActiveCfg = Release|x86
		{A55911AA-AC2B-4C4F-AA2A-CE839BD9AFBA}.Release|Mixed Platforms.Build.0 = Release|x86
		{A55911AA-AC2B-4C4F-AA2A-CE839BD9AFBA}.Release|x64.ActiveCfg = Release|x64
		{A55911AA-AC2B-4C4F-AA2A-CE839BD9AFBA}.Release|x64.Build.0 = Release|x64
		{A55911AA-AC2B-4C4F-AA2A-CE839BD9AFBA}.Release|x86.ActiveCfg = Release|x86
		{A55911AA-AC2B-4C4F-AA2A-CE839BD9AFBA}.Release|x86.Build.0 = Release|x86
		{ED482A03-E8D9-4A16-856F-BE8F56B454C0}.Debug|Any CPU.ActiveCfg = Debug|x86
		{ED482A03-E8D9-4A16-856F-BE8F56B454C0}.Debug|Any CPU.Build.0 = Debug|x86
		{ED482A03-E8D9-4A16-856F-BE8F56B454C0}.Debug|Mixed Platforms.ActiveCfg = Debug|x86
		{ED482A03-E8D9-4A16-856F-BE8F56B454C0}.Debug|Mixed Platforms.Build.0 = Debug|x86
		{ED482A03-E8D9-4A16-856F-BE8F56B454C0}.Debug|x64.ActiveCfg = Debug|x64
		{ED482A03-E8D9-4A16-856F-BE8F56B454C0}.Debug|x64.Build.0 = Debug|x64
		{ED482A03-E8D9-4A16-856F-BE8F56B454C0}.Debug|x86.ActiveCfg = Debug|x86
		{ED482A03-E8D9-4A16-856F-BE8F56B454C0}.Debug|x86.Build.0 = Debug|x86
		{ED482A03-E8D9-4A16-856F-BE8F56B454C0}.Release|Any CPU.ActiveCfg = Release|x86
		{ED482A03-E8D9-4A16-856F-BE8F56B454C0}.Release|Mixed Platforms.ActiveCfg = Release|x86
		{ED482A03-E8D9-4A16-856F-BE8F56B454C0}.Release|Mixed Platforms.Build.0 = Release|x86
		{ED482A03-E8D9-4A16-856F-BE8F56B454C0}.Release|x64.ActiveCfg = Release|x64
		{ED482A03-E8D9-4A16-856F-BE8F56B454C0}.Release|x64.Build.0 = Release|x64
		{ED482A03-E8D9-4A16-856F-BE8F56B454C0}.Release|x86.ActiveCfg = Release|x86
		{ED482A03-E8D9-4A16-856F-BE8F56B454C0}.Release|x86.Build.0 = Release|x86
		{FC8D5CE1-F721-401B-BAC2-C265D6FCC13D}.Debug|Any CPU.ActiveCfg = Debug|x86
		{FC8D5CE1-F721-401B-BAC2-C265D6FCC13D}.Debug|Any CPU.Build.0 = Debug|x86
		{FC8D5CE1-F721-401B-BAC2-C265D6FCC13D}.Debug|Mixed Platforms.ActiveCfg = Debug|x86
		{FC8D5CE1-F721-401B-BAC2-C265D6FCC13D}.Debug|Mixed Platforms.Build.0 = Debug|x86
		{FC8D5CE1-F721-401B-BAC2-C265D6FCC13D}.Debug|x64.ActiveCfg = Debug|x64
		{FC8D5CE1-F721-401B-BAC2-C265D6FCC13D}.Debug|x64.Build.0 = Debug|x64
		{FC8D5CE1-F721-401B-BAC2-C265D6FCC13D}.Debug|x86.ActiveCfg = Debug|x86
		{FC8D5CE1-F721-401B-BAC2-C265D6FCC13D}.Debug|x86.Build.0 = Debug|x86
		{FC8D5CE1-F721-401B-BAC2-C265D6FCC13D}.Release|Any CPU.ActiveCfg = Release|x86
		{FC8D5CE1-F721-401B-BAC2-C265D6FCC13D}.Release|Mixed Platforms.ActiveCfg = Release|x86
		{FC8D5CE1-F721-401B-BAC2-C265D6FCC13D}.Release|Mixed Platforms.Build.0 = Release|x86
		{FC8D5CE1-F721-401B-BAC2-C265D6FCC13D}.Release|x64.ActiveCfg = Release|x64
		{FC8D5CE1-F721-401B-BAC2-C265D6FCC13D}.Release|x64.Build.0 = Release|x64
		{FC8D5CE1-F721-401B-BAC2-C265D6FCC13D}.Release|x86.ActiveCfg = Release|x86
		{FC8D5CE1-F721-401B-BAC2-C265D6FCC13D}.Release|x86.Build.0 = Release|x86
		{93547539-03E2-49C3-88FC-3CCD81942D5F}.Debug|Any CPU.ActiveCfg = Debug|x86
		{93547539-03E2-49C3-88FC-3CCD81942D5F}.Debug|Any CPU.Build.0 = Debug|x86
		{93547539-03E2-49C3-88FC-3CCD81942D5F}.Debug|Mixed Platforms.ActiveCfg = Debug|x86
		{93547539-03E2-49C3-88FC-3CCD81942D5F}.Debug|Mixed Platforms.Build.0 = Debug|x86
		{93547539-03E2-49C3-88FC-3CCD81942D5F}.Debug|x64.ActiveCfg = Debug|x64
		{93547539-03E2-49C3-88FC-3CCD81942D5F}.Debug|x64.Build.0 = Debug|x64
		{93547539-03E2-49C3-88FC-3CCD81942D5F}.Debug|x86.ActiveCfg = Debug|x86
		{93547539-03E2-49C3-88FC-3CCD81942D5F}.Debug|x86.Build.0 = Debug|x86
		{93547539-03E2-49C3-88FC-3CCD81942D5F}.Release|Any CPU.ActiveCfg = Release|Any CPU
		{93547539-03E2-49C3-88FC-3CCD81942D5F}.Release|Any CPU.Build.0 = Release|Any CPU
		{93547539-03E2-49C3-88FC-3CCD81942D5F}.Release|Mixed Platforms.ActiveCfg = Release|x86
		{93547539-03E2-49C3-88FC-3CCD81942D5F}.Release|Mixed Platforms.Build.0 = Release|x86
		{93547539-03E2-49C3-88FC-3CCD81942D5F}.Release|x64.ActiveCfg = Release|x64
		{93547539-03E2-49C3-88FC-3CCD81942D5F}.Release|x64.Build.0 = Release|x64
		{93547539-03E2-49C3-88FC-3CCD81942D5F}.Release|x86.ActiveCfg = Release|x86
		{93547539-03E2-49C3-88FC-3CCD81942D5F}.Release|x86.Build.0 = Release|x86
		{1238B891-86AD-4851-97A2-0C0302E24BD8}.Debug|Any CPU.ActiveCfg = Debug|x86
		{1238B891-86AD-4851-97A2-0C0302E24BD8}.Debug|Any CPU.Build.0 = Debug|x86
		{1238B891-86AD-4851-97A2-0C0302E24BD8}.Debug|Mixed Platforms.ActiveCfg = Debug|x86
		{1238B891-86AD-4851-97A2-0C0302E24BD8}.Debug|Mixed Platforms.Build.0 = Debug|x86
		{1238B891-86AD-4851-97A2-0C0302E24BD8}.Debug|x64.ActiveCfg = Debug|x64
		{1238B891-86AD-4851-97A2-0C0302E24BD8}.Debug|x64.Build.0 = Debug|x64
		{1238B891-86AD-4851-97A2-0C0302E24BD8}.Debug|x86.ActiveCfg = Debug|x86
		{1238B891-86AD-4851-97A2-0C0302E24BD8}.Debug|x86.Build.0 = Debug|x86
		{1238B891-86AD-4851-97A2-0C0302E24BD8}.Release|Any CPU.ActiveCfg = Release|Any CPU
		{1238B891-86AD-4851-97A2-0C0302E24BD8}.Release|Any CPU.Build.0 = Release|Any CPU
		{1238B891-86AD-4851-97A2-0C0302E24BD8}.Release|Mixed Platforms.ActiveCfg = Release|x86
		{1238B891-86AD-4851-97A2-0C0302E24BD8}.Release|Mixed Platforms.Build.0 = Release|x86
		{1238B891-86AD-4851-97A2-0C0302E24BD8}.Release|x64.ActiveCfg = Release|x64
		{1238B891-86AD-4851-97A2-0C0302E24BD8}.Release|x64.Build.0 = Release|x64
		{1238B891-86AD-4851-97A2-0C0302E24BD8}.Release|x86.ActiveCfg = Release|x86
		{1238B891-86AD-4851-97A2-0C0302E24BD8}.Release|x86.Build.0 = Release|x86
		{9E2955F4-17E0-433B-B966-616E671378A4}.Debug|Any CPU.ActiveCfg = Debug|Any CPU
		{9E2955F4-17E0-433B-B966-616E671378A4}.Debug|Any CPU.Build.0 = Debug|Any CPU
		{9E2955F4-17E0-433B-B966-616E671378A4}.Debug|Any CPU.Deploy.0 = Debug|Any CPU
		{9E2955F4-17E0-433B-B966-616E671378A4}.Debug|Mixed Platforms.ActiveCfg = Debug|Any CPU
		{9E2955F4-17E0-433B-B966-616E671378A4}.Debug|Mixed Platforms.Build.0 = Debug|Any CPU
		{9E2955F4-17E0-433B-B966-616E671378A4}.Debug|x64.ActiveCfg = Debug|Any CPU
		{9E2955F4-17E0-433B-B966-616E671378A4}.Debug|x86.ActiveCfg = Debug|Any CPU
		{9E2955F4-17E0-433B-B966-616E671378A4}.Release|Any CPU.ActiveCfg = Release|Any CPU
		{9E2955F4-17E0-433B-B966-616E671378A4}.Release|Any CPU.Build.0 = Release|Any CPU
		{9E2955F4-17E0-433B-B966-616E671378A4}.Release|Mixed Platforms.ActiveCfg = Release|Any CPU
		{9E2955F4-17E0-433B-B966-616E671378A4}.Release|Mixed Platforms.Build.0 = Release|Any CPU
		{9E2955F4-17E0-433B-B966-616E671378A4}.Release|x64.ActiveCfg = Release|Any CPU
		{9E2955F4-17E0-433B-B966-616E671378A4}.Release|x86.ActiveCfg = Release|Any CPU
		{B074F430-12B3-4751-96AE-3949FE73EBB5}.Debug|Any CPU.ActiveCfg = Debug|Any CPU
		{B074F430-12B3-4751-96AE-3949FE73EBB5}.Debug|Any CPU.Build.0 = Debug|Any CPU
		{B074F430-12B3-4751-96AE-3949FE73EBB5}.Debug|Mixed Platforms.ActiveCfg = Debug|Any CPU
		{B074F430-12B3-4751-96AE-3949FE73EBB5}.Debug|Mixed Platforms.Build.0 = Debug|Any CPU
		{B074F430-12B3-4751-96AE-3949FE73EBB5}.Debug|x64.ActiveCfg = Debug|Any CPU
		{B074F430-12B3-4751-96AE-3949FE73EBB5}.Debug|x86.ActiveCfg = Debug|Any CPU
		{B074F430-12B3-4751-96AE-3949FE73EBB5}.Release|Any CPU.ActiveCfg = Release|Any CPU
		{B074F430-12B3-4751-96AE-3949FE73EBB5}.Release|Any CPU.Build.0 = Release|Any CPU
		{B074F430-12B3-4751-96AE-3949FE73EBB5}.Release|Mixed Platforms.ActiveCfg = Release|Any CPU
		{B074F430-12B3-4751-96AE-3949FE73EBB5}.Release|Mixed Platforms.Build.0 = Release|Any CPU
		{B074F430-12B3-4751-96AE-3949FE73EBB5}.Release|x64.ActiveCfg = Release|Any CPU
		{B074F430-12B3-4751-96AE-3949FE73EBB5}.Release|x86.ActiveCfg = Release|Any CPU
		{7FF2375E-9594-4EE8-A3CD-40CF245E47FA}.Debug|Any CPU.ActiveCfg = Debug|x86
		{7FF2375E-9594-4EE8-A3CD-40CF245E47FA}.Debug|Any CPU.Build.0 = Debug|x86
		{7FF2375E-9594-4EE8-A3CD-40CF245E47FA}.Debug|Mixed Platforms.ActiveCfg = Debug|x86
		{7FF2375E-9594-4EE8-A3CD-40CF245E47FA}.Debug|Mixed Platforms.Build.0 = Debug|x86
		{7FF2375E-9594-4EE8-A3CD-40CF245E47FA}.Debug|x64.ActiveCfg = Debug|x64
		{7FF2375E-9594-4EE8-A3CD-40CF245E47FA}.Debug|x64.Build.0 = Debug|x64
		{7FF2375E-9594-4EE8-A3CD-40CF245E47FA}.Debug|x86.ActiveCfg = Debug|x86
		{7FF2375E-9594-4EE8-A3CD-40CF245E47FA}.Debug|x86.Build.0 = Debug|x86
		{7FF2375E-9594-4EE8-A3CD-40CF245E47FA}.Release|Any CPU.ActiveCfg = Release|Any CPU
		{7FF2375E-9594-4EE8-A3CD-40CF245E47FA}.Release|Any CPU.Build.0 = Release|Any CPU
		{7FF2375E-9594-4EE8-A3CD-40CF245E47FA}.Release|Mixed Platforms.ActiveCfg = Release|x86
		{7FF2375E-9594-4EE8-A3CD-40CF245E47FA}.Release|Mixed Platforms.Build.0 = Release|x86
		{7FF2375E-9594-4EE8-A3CD-40CF245E47FA}.Release|x64.ActiveCfg = Release|x64
		{7FF2375E-9594-4EE8-A3CD-40CF245E47FA}.Release|x64.Build.0 = Release|x64
		{7FF2375E-9594-4EE8-A3CD-40CF245E47FA}.Release|x86.ActiveCfg = Release|x86
		{7FF2375E-9594-4EE8-A3CD-40CF245E47FA}.Release|x86.Build.0 = Release|x86
	EndGlobalSection
	GlobalSection(SolutionProperties) = preSolution
		HideSolutionNode = FALSE
	EndGlobalSection
	GlobalSection(NestedProjects) = preSolution
		{F8ECD77C-0D70-4832-9BF2-F94EE3137E40} = {3759A986-FE7F-4705-B4EC-0C8251DA14E1}
		{354D7147-356B-4453-B86A-B113A47271A2} = {3759A986-FE7F-4705-B4EC-0C8251DA14E1}
		{59209FCC-CFF7-4056-A256-CB71293225B1} = {3759A986-FE7F-4705-B4EC-0C8251DA14E1}
		{FDABDFA6-E751-452C-9658-5963162784B0} = {3759A986-FE7F-4705-B4EC-0C8251DA14E1}
		{02BE8DB6-57BF-4585-B96A-ACEE3BBE0454} = {3759A986-FE7F-4705-B4EC-0C8251DA14E1}
		{831751D1-28D6-43F8-8D17-4DF765D6885C} = {3759A986-FE7F-4705-B4EC-0C8251DA14E1}
		{9EC74138-A934-432D-A3B6-42EC84052FF8} = {4DABD333-E70F-4B79-A428-86C74345AB14}
		{4586C1E2-10A4-47AF-8867-B1B32B0CDEE5} = {4DABD333-E70F-4B79-A428-86C74345AB14}
		{2EBCDE4B-A244-4CCA-A1AE-1A884D81772B} = {4DABD333-E70F-4B79-A428-86C74345AB14}
		{C98CB9D1-8567-4539-B30F-79BF7654727E} = {4DABD333-E70F-4B79-A428-86C74345AB14}
		{E0DB63E3-2420-4B72-99F8-776F8ED1D3EF} = {4DABD333-E70F-4B79-A428-86C74345AB14}
		{697EED3C-3244-494D-B663-296CC80D4022} = {4DABD333-E70F-4B79-A428-86C74345AB14}
		{38B3BE6B-BD0C-4108-9414-A728F5990A0C} = {4DABD333-E70F-4B79-A428-86C74345AB14}
		{123585D4-B4A2-4694-81E8-DF9CDCCC487F} = {4DABD333-E70F-4B79-A428-86C74345AB14}
		{28C303D9-18CB-42B3-B0FA-B9B126503176} = {4DABD333-E70F-4B79-A428-86C74345AB14}
		{A55911AA-AC2B-4C4F-AA2A-CE839BD9AFBA} = {4DABD333-E70F-4B79-A428-86C74345AB14}
		{ED482A03-E8D9-4A16-856F-BE8F56B454C0} = {4DABD333-E70F-4B79-A428-86C74345AB14}
		{FC8D5CE1-F721-401B-BAC2-C265D6FCC13D} = {4DABD333-E70F-4B79-A428-86C74345AB14}
		{93547539-03E2-49C3-88FC-3CCD81942D5F} = {4DABD333-E70F-4B79-A428-86C74345AB14}
		{1238B891-86AD-4851-97A2-0C0302E24BD8} = {4DABD333-E70F-4B79-A428-86C74345AB14}
		{9E2955F4-17E0-433B-B966-616E671378A4} = {4DABD333-E70F-4B79-A428-86C74345AB14}
		{B074F430-12B3-4751-96AE-3949FE73EBB5} = {4DABD333-E70F-4B79-A428-86C74345AB14}
		{7FF2375E-9594-4EE8-A3CD-40CF245E47FA} = {4DABD333-E70F-4B79-A428-86C74345AB14}
	EndGlobalSection
EndGlobal
